# This file is automatically @generated by Cargo.
# It is not intended for manual editing.
version = 4

[[package]]
name = "orbit-index"
version = "0.1.0"

[[package]]
name = "orbit-native"
version = "0.1.0"

[[package]]
name = "orbit-runtime"
version = "0.1.0"

[[package]]
name = "orbit-search"
version = "0.1.0"

[[package]]
name = "orbit-terminal"
version = "0.1.0"
dependencies = [
 "orbit-index",
 "orbit-native",
 "orbit-runtime",
 "orbit-search",
]
